
Microsoft Visual Studio Solution File, Format Version 12.00
# Visual Studio 15
VisualStudioVersion = 15.0.26403.3
MinimumVisualStudioVersion = 10.0.40219.1
Project("{FAE04EC0-301F-11D3-BF4B-00C04F79EFBC}") = "ttss_app", "ttss_app\ttss_app.csproj", "{5AD1B688-2E32-47BB-B886-059B494F0D1E}"
EndProject
Project("{F2A71F9B-5D33-465A-A702-920D77279786}") = "ttss_api", "ttss_api\ttss_api.fsproj", "{A7A60AF1-E6DA-40C7-9402-034C8B46C04C}"
EndProject
Global
	GlobalSection(SolutionConfigurationPlatforms) = preSolution
		Debug|Any CPU = Debug|Any CPU
		Release|Any CPU = Release|Any CPU
	EndGlobalSection
	GlobalSection(ProjectConfigurationPlatforms) = postSolution
		{5AD1B688-2E32-47BB-B886-059B494F0D1E}.Debug|Any CPU.ActiveCfg = Debug|Any CPU
		{5AD1B688-2E32-47BB-B886-059B494F0D1E}.Debug|Any CPU.Build.0 = Debug|Any CPU
		{5AD1B688-2E32-47BB-B886-059B494F0D1E}.Debug|Any CPU.Deploy.0 = Debug|Any CPU
		{5AD1B688-2E32-47BB-B886-059B494F0D1E}.Release|Any CPU.ActiveCfg = Release|Any CPU
		{5AD1B688-2E32-47BB-B886-059B494F0D1E}.Release|Any CPU.Build.0 = Release|Any CPU
		{5AD1B688-2E32-47BB-B886-059B494F0D1E}.Release|Any CPU.Deploy.0 = Release|Any CPU
		{A7A60AF1-E6DA-40C7-9402-034C8B46C04C}.Debug|Any CPU.ActiveCfg = Debug|Any CPU
		{A7A60AF1-E6DA-40C7-9402-034C8B46C04C}.Debug|Any CPU.Build.0 = Debug|Any CPU
		{A7A60AF1-E6DA-40C7-9402-034C8B46C04C}.Release|Any CPU.ActiveCfg = Release|Any CPU
		{A7A60AF1-E6DA-40C7-9402-034C8B46C04C}.Release|Any CPU.Build.0 = Release|Any CPU
	EndGlobalSection
	GlobalSection(SolutionProperties) = preSolution
		HideSolutionNode = FALSE
	EndGlobalSection
EndGlobal
